
Microsoft Visual Studio Solution File, Format Version 12.00
# Visual Studio 2012
VisualStudioVersion = {0}
MinimumVisualStudioVersion = {0}
Project("{FAE04EC0-301F-11D3-BF4B-00C04F79EFBC}") = "iRacingReplayOverlay.net", "iRacingReplayOverlay.net\iRacingReplayOverlay.net.csproj", "{0E523573-2972-4DC0-AECB-C4CF746854BB}"
EndProject
Project("{FAE04EC0-301F-11D3-BF4B-00C04F79EFBC}") = "MediaFoundation-2010", "..\mflib\src\MediaFoundation-2010.csproj", "{B78C0F3B-071A-4FD2-829D-7A67E0F7BD1C}"
EndProject
Project("{FAE04EC0-301F-11D3-BF4B-00C04F79EFBC}") = "MediaFoundation.Net", "..\MediaFoundation.Net\MediaFoundation.Net.csproj", "{59D2B4B5-2852-4396-A0D9-9CA546AC3C09}"
EndProject
Global
	GlobalSection(SolutionConfigurationPlatforms) = preSolution
		Debug|Any CPU = Debug|Any CPU
		Debug|x64 = Debug|x64
		Debug|x86 = Debug|x86
		Release|Any CPU = Release|Any CPU
		Release|x64 = Release|x64
		Release|x86 = Release|x86
	EndGlobalSection
	GlobalSection(ProjectConfigurationPlatforms) = postSolution
		{0E523573-2972-4DC0-AECB-C4CF746854BB}.Debug|Any CPU.ActiveCfg = Debug|Any CPU
		{0E523573-2972-4DC0-AECB-C4CF746854BB}.Debug|Any CPU.Build.0 = Debug|Any CPU
		{0E523573-2972-4DC0-AECB-C4CF746854BB}.Debug|x64.ActiveCfg = Debug|Any CPU
		{0E523573-2972-4DC0-AECB-C4CF746854BB}.Debug|x86.ActiveCfg = Debug|Any CPU
		{0E523573-2972-4DC0-AECB-C4CF746854BB}.Release|Any CPU.ActiveCfg = Release|Any CPU
		{0E523573-2972-4DC0-AECB-C4CF746854BB}.Release|Any CPU.Build.0 = Release|Any CPU
		{0E523573-2972-4DC0-AECB-C4CF746854BB}.Release|x64.ActiveCfg = Release|Any CPU
		{0E523573-2972-4DC0-AECB-C4CF746854BB}.Release|x86.ActiveCfg = Release|Any CPU
		{59D2B4B5-2852-4396-A0D9-9CA546AC3C09}.Debug|Any CPU.ActiveCfg = Debug|Any CPU
		{59D2B4B5-2852-4396-A0D9-9CA546AC3C09}.Debug|Any CPU.Build.0 = Debug|Any CPU
		{59D2B4B5-2852-4396-A0D9-9CA546AC3C09}.Debug|x64.ActiveCfg = Debug|Any CPU
		{59D2B4B5-2852-4396-A0D9-9CA546AC3C09}.Debug|x64.Build.0 = Debug|Any CPU
		{59D2B4B5-2852-4396-A0D9-9CA546AC3C09}.Debug|x86.ActiveCfg = Debug|Any CPU
		{59D2B4B5-2852-4396-A0D9-9CA546AC3C09}.Debug|x86.Build.0 = Debug|Any CPU
		{59D2B4B5-2852-4396-A0D9-9CA546AC3C09}.Release|Any CPU.ActiveCfg = Release|Any CPU
		{59D2B4B5-2852-4396-A0D9-9CA546AC3C09}.Release|Any CPU.Build.0 = Release|Any CPU
		{59D2B4B5-2852-4396-A0D9-9CA546AC3C09}.Release|x64.ActiveCfg = Release|Any CPU
		{59D2B4B5-2852-4396-A0D9-9CA546AC3C09}.Release|x64.Build.0 = Release|Any CPU
		{59D2B4B5-2852-4396-A0D9-9CA546AC3C09}.Release|x86.ActiveCfg = Release|Any CPU
		{59D2B4B5-2852-4396-A0D9-9CA546AC3C09}.Release|x86.Build.0 = Release|Any CPU
		{B78C0F3B-071A-4FD2-829D-7A67E0F7BD1C}.Debug|Any CPU.ActiveCfg = Debug|Any CPU
		{B78C0F3B-071A-4FD2-829D-7A67E0F7BD1C}.Debug|Any CPU.Build.0 = Debug|Any CPU
		{B78C0F3B-071A-4FD2-829D-7A67E0F7BD1C}.Debug|x64.ActiveCfg = Debug|x64
		{B78C0F3B-071A-4FD2-829D-7A67E0F7BD1C}.Debug|x64.Build.0 = Debug|x64
		{B78C0F3B-071A-4FD2-829D-7A67E0F7BD1C}.Debug|x86.ActiveCfg = Debug|x86
		{B78C0F3B-071A-4FD2-829D-7A67E0F7BD1C}.Debug|x86.Build.0 = Debug|x86
		{B78C0F3B-071A-4FD2-829D-7A67E0F7BD1C}.Release|Any CPU.ActiveCfg = Release|Any CPU
		{B78C0F3B-071A-4FD2-829D-7A67E0F7BD1C}.Release|Any CPU.Build.0 = Release|Any CPU
		{B78C0F3B-071A-4FD2-829D-7A67E0F7BD1C}.Release|x64.ActiveCfg = Release|x64
		{B78C0F3B-071A-4FD2-829D-7A67E0F7BD1C}.Release|x64.Build.0 = Release|x64
		{B78C0F3B-071A-4FD2-829D-7A67E0F7BD1C}.Release|x86.ActiveCfg = Release|x86
		{B78C0F3B-071A-4FD2-829D-7A67E0F7BD1C}.Release|x86.Build.0 = Release|x86
	EndGlobalSection
	GlobalSection(MonoDevelopProperties) = preSolution
		StartupItem = iRacingReplayOverlay.net\iRacingReplayOverlay.net.csproj
	EndGlobalSection
	GlobalSection(SolutionProperties) = preSolution
		HideSolutionNode = FALSE
	EndGlobalSection
EndGlobal
