
Microsoft Visual Studio Solution File, Format Version 12.00
# Visual Studio 15
VisualStudioVersion = 15.0.28307.329
MinimumVisualStudioVersion = 10.0.40219.1
Project("{FAE04EC0-301F-11D3-BF4B-00C04F79EFBC}") = "iRacingReplayOverlay.net", "iRacingReplayOverlay.net.csproj", "{0E523573-2972-4DC0-AECB-C4CF746854BB}"
	ProjectSection(ProjectDependencies) = postProject
		{5422AE20-F220-4BE1-9E61-5296981ABB5C} = {5422AE20-F220-4BE1-9E61-5296981ABB5C}
		{59D2B4B5-2852-4396-A0D9-9CA546AC3C09} = {59D2B4B5-2852-4396-A0D9-9CA546AC3C09}
	EndProjectSection
EndProject
Project("{FAE04EC0-301F-11D3-BF4B-00C04F79EFBC}") = "SuperMFLib", "SuperMFLib\SuperMFLib\SuperMFLib.csproj", "{59D2B4B5-2852-4396-A0D9-9CA546AC3C09}"
EndProject
Project("{FAE04EC0-301F-11D3-BF4B-00C04F79EFBC}") = "Sample", "iRacingSDK.Net\Sample\Sample.csproj", "{8BDF1915-3140-478E-827F-25D495B8CDC5}"
EndProject
Project("{FAE04EC0-301F-11D3-BF4B-00C04F79EFBC}") = "Tester", "Tester\Tester.csproj", "{7D205FCC-6CE6-49B3-8012-DC14ED9924D1}"
	ProjectSection(ProjectDependencies) = postProject
		{E9EB76FC-CB86-47EA-A1F3-01570C1BBC18} = {E9EB76FC-CB86-47EA-A1F3-01570C1BBC18}
	EndProjectSection
EndProject
Project("{FAE04EC0-301F-11D3-BF4B-00C04F79EFBC}") = "iRacingReplayOverlay.net.Tests", "iRacingReplayOverlay.net.Tests\iRacingReplayOverlay.net.Tests.csproj", "{E4D21BA6-6275-4D46-A1D6-E7D16BF0E5EC}"
EndProject
Project("{FAE04EC0-301F-11D3-BF4B-00C04F79EFBC}") = "iRacingSDK", "iRacingSDK.Net\iRacingSDK.csproj", "{5422AE20-F220-4BE1-9E61-5296981ABB5C}"
EndProject
Project("{FAE04EC0-301F-11D3-BF4B-00C04F79EFBC}") = "iRacingSDK.Net.Tests", "iRacingSDK.Net\iRacingSDK.Net.Tests\iRacingSDK.Net.Tests.csproj", "{947BD2B6-FFF4-4762-8C0E-718112CDA72E}"
EndProject
Project("{FAE04EC0-301F-11D3-BF4B-00C04F79EFBC}") = "GenerateDataModels", "iRacingSDK.Net\GenerateDataModels\GenerateDataModels.csproj", "{90126FE7-C20E-43EC-93AF-77AA5268E860}"
EndProject
Project("{2150E333-8FDC-42A3-9474-1A3956D46DE8}") = "Solution Items", "Solution Items", "{2BCCAE92-016E-41D6-9CB5-4FC83AC190BE}"
EndProject
Project("{FAE04EC0-301F-11D3-BF4B-00C04F79EFBC}") = "MediaFoundation", "SuperMFLib\mfnet\mflib\src\MediaFoundation.csproj", "{B78C0F3B-071A-4FD2-829D-7A67E0F7BD1C}"
EndProject
Project("{FAE04EC0-301F-11D3-BF4B-00C04F79EFBC}") = "iRacingDirector.Plugin.StandardOverlays", "plugins\iRacingDirector.Plugin.StandardOverlays\iRacingDirector.Plugin.StandardOverlays.csproj", "{5916B84C-0264-4102-9CCC-28006D84E4FA}"
	ProjectSection(ProjectDependencies) = postProject
		{CEC2BB31-324D-41E3-83C8-A5C35C63129B} = {CEC2BB31-324D-41E3-83C8-A5C35C63129B}
		{0E523573-2972-4DC0-AECB-C4CF746854BB} = {0E523573-2972-4DC0-AECB-C4CF746854BB}
	EndProjectSection
EndProject
Project("{FAE04EC0-301F-11D3-BF4B-00C04F79EFBC}") = "iRacingDirector.Plugin.Support", "plugins\iRacingDirector.Plugin.Support\iRacingDirector.Plugin.Support\iRacingDirector.Plugin.Support.csproj", "{CEC2BB31-324D-41E3-83C8-A5C35C63129B}"
EndProject
Project("{FAE04EC0-301F-11D3-BF4B-00C04F79EFBC}") = "iRacingDirector.Plugin.Tester", "plugins\iRacingDirector.Plugin.Tester\iRacingDirector.Plugin.Tester.csproj", "{96FA1C80-396C-4792-9E8B-C7CBFC25833D}"
EndProject
Project("{FAE04EC0-301F-11D3-BF4B-00C04F79EFBC}") = "JockeOverlays", "plugins\JockeOverlays\JockeOverlays.csproj", "{F49DAE6F-321E-45A8-B9B4-23475A3F6080}"
EndProject
Project("{FAE04EC0-301F-11D3-BF4B-00C04F79EFBC}") = "iRacingReplayDirector", "iRacingReplayDirector.csproj", "{E9EB76FC-CB86-47EA-A1F3-01570C1BBC18}"
	ProjectSection(ProjectDependencies) = postProject
		{5422AE20-F220-4BE1-9E61-5296981ABB5C} = {5422AE20-F220-4BE1-9E61-5296981ABB5C}
		{CEC2BB31-324D-41E3-83C8-A5C35C63129B} = {CEC2BB31-324D-41E3-83C8-A5C35C63129B}
		{5916B84C-0264-4102-9CCC-28006D84E4FA} = {5916B84C-0264-4102-9CCC-28006D84E4FA}
	EndProjectSection
EndProject
Project("{FAE04EC0-301F-11D3-BF4B-00C04F79EFBC}") = "NoOverlay", "plugins\NoOverlay\NoOverlay.csproj", "{C4ABC83D-1801-4407-B7C2-BDF9396D28AD}"
EndProject
Global
	GlobalSection(SolutionConfigurationPlatforms) = preSolution
		Debug|Any CPU = Debug|Any CPU
		Debug|x64 = Debug|x64
		Release|Any CPU = Release|Any CPU
		Release|x64 = Release|x64
	EndGlobalSection
	GlobalSection(ProjectConfigurationPlatforms) = postSolution
		{0E523573-2972-4DC0-AECB-C4CF746854BB}.Debug|Any CPU.ActiveCfg = Debug|x64
		{0E523573-2972-4DC0-AECB-C4CF746854BB}.Debug|Any CPU.Build.0 = Debug|x64
		{0E523573-2972-4DC0-AECB-C4CF746854BB}.Debug|x64.ActiveCfg = Debug|x64
		{0E523573-2972-4DC0-AECB-C4CF746854BB}.Debug|x64.Build.0 = Debug|x64
		{0E523573-2972-4DC0-AECB-C4CF746854BB}.Release|Any CPU.ActiveCfg = Debug|x64
		{0E523573-2972-4DC0-AECB-C4CF746854BB}.Release|Any CPU.Build.0 = Debug|x64
		{0E523573-2972-4DC0-AECB-C4CF746854BB}.Release|x64.ActiveCfg = Release|x64
		{0E523573-2972-4DC0-AECB-C4CF746854BB}.Release|x64.Build.0 = Release|x64
		{59D2B4B5-2852-4396-A0D9-9CA546AC3C09}.Debug|Any CPU.ActiveCfg = Release|x64
		{59D2B4B5-2852-4396-A0D9-9CA546AC3C09}.Debug|Any CPU.Build.0 = Release|x64
		{59D2B4B5-2852-4396-A0D9-9CA546AC3C09}.Debug|x64.ActiveCfg = Debug|x64
		{59D2B4B5-2852-4396-A0D9-9CA546AC3C09}.Debug|x64.Build.0 = Debug|x64
		{59D2B4B5-2852-4396-A0D9-9CA546AC3C09}.Release|Any CPU.ActiveCfg = Release|x64
		{59D2B4B5-2852-4396-A0D9-9CA546AC3C09}.Release|Any CPU.Build.0 = Release|x64
		{59D2B4B5-2852-4396-A0D9-9CA546AC3C09}.Release|x64.ActiveCfg = Release|x64
		{59D2B4B5-2852-4396-A0D9-9CA546AC3C09}.Release|x64.Build.0 = Release|x64
		{8BDF1915-3140-478E-827F-25D495B8CDC5}.Debug|Any CPU.ActiveCfg = Debug|Any CPU
		{8BDF1915-3140-478E-827F-25D495B8CDC5}.Debug|Any CPU.Build.0 = Debug|Any CPU
		{8BDF1915-3140-478E-827F-25D495B8CDC5}.Debug|x64.ActiveCfg = Debug|Any CPU
		{8BDF1915-3140-478E-827F-25D495B8CDC5}.Debug|x64.Build.0 = Debug|Any CPU
		{8BDF1915-3140-478E-827F-25D495B8CDC5}.Release|Any CPU.ActiveCfg = Debug|Any CPU
		{8BDF1915-3140-478E-827F-25D495B8CDC5}.Release|Any CPU.Build.0 = Debug|Any CPU
		{8BDF1915-3140-478E-827F-25D495B8CDC5}.Release|x64.ActiveCfg = Release|Any CPU
		{7D205FCC-6CE6-49B3-8012-DC14ED9924D1}.Debug|Any CPU.ActiveCfg = Debug|x64
		{7D205FCC-6CE6-49B3-8012-DC14ED9924D1}.Debug|Any CPU.Build.0 = Debug|x64
		{7D205FCC-6CE6-49B3-8012-DC14ED9924D1}.Debug|x64.ActiveCfg = Debug|x64
		{7D205FCC-6CE6-49B3-8012-DC14ED9924D1}.Debug|x64.Build.0 = Debug|x64
		{7D205FCC-6CE6-49B3-8012-DC14ED9924D1}.Release|Any CPU.ActiveCfg = Debug|x64
		{7D205FCC-6CE6-49B3-8012-DC14ED9924D1}.Release|Any CPU.Build.0 = Debug|x64
		{7D205FCC-6CE6-49B3-8012-DC14ED9924D1}.Release|x64.ActiveCfg = Release|x64
		{E4D21BA6-6275-4D46-A1D6-E7D16BF0E5EC}.Debug|Any CPU.ActiveCfg = Debug|x64
		{E4D21BA6-6275-4D46-A1D6-E7D16BF0E5EC}.Debug|x64.ActiveCfg = Debug|x64
		{E4D21BA6-6275-4D46-A1D6-E7D16BF0E5EC}.Debug|x64.Build.0 = Debug|x64
		{E4D21BA6-6275-4D46-A1D6-E7D16BF0E5EC}.Release|Any CPU.ActiveCfg = Debug|x64
		{E4D21BA6-6275-4D46-A1D6-E7D16BF0E5EC}.Release|x64.ActiveCfg = Release|x64
		{5422AE20-F220-4BE1-9E61-5296981ABB5C}.Debug|Any CPU.ActiveCfg = Debug|Any CPU
		{5422AE20-F220-4BE1-9E61-5296981ABB5C}.Debug|Any CPU.Build.0 = Debug|Any CPU
		{5422AE20-F220-4BE1-9E61-5296981ABB5C}.Debug|x64.ActiveCfg = Debug|Any CPU
		{5422AE20-F220-4BE1-9E61-5296981ABB5C}.Debug|x64.Build.0 = Debug|Any CPU
		{5422AE20-F220-4BE1-9E61-5296981ABB5C}.Release|Any CPU.ActiveCfg = Debug|Any CPU
		{5422AE20-F220-4BE1-9E61-5296981ABB5C}.Release|Any CPU.Build.0 = Debug|Any CPU
		{5422AE20-F220-4BE1-9E61-5296981ABB5C}.Release|x64.ActiveCfg = Release|Any CPU
		{5422AE20-F220-4BE1-9E61-5296981ABB5C}.Release|x64.Build.0 = Release|Any CPU
		{947BD2B6-FFF4-4762-8C0E-718112CDA72E}.Debug|Any CPU.ActiveCfg = Debug|x64
		{947BD2B6-FFF4-4762-8C0E-718112CDA72E}.Debug|Any CPU.Build.0 = Debug|x64
		{947BD2B6-FFF4-4762-8C0E-718112CDA72E}.Debug|x64.ActiveCfg = Debug|x64
		{947BD2B6-FFF4-4762-8C0E-718112CDA72E}.Debug|x64.Build.0 = Debug|x64
		{947BD2B6-FFF4-4762-8C0E-718112CDA72E}.Release|Any CPU.ActiveCfg = Debug|x64
		{947BD2B6-FFF4-4762-8C0E-718112CDA72E}.Release|Any CPU.Build.0 = Debug|x64
		{947BD2B6-FFF4-4762-8C0E-718112CDA72E}.Release|x64.ActiveCfg = Release|x64
		{90126FE7-C20E-43EC-93AF-77AA5268E860}.Debug|Any CPU.ActiveCfg = Debug|Any CPU
		{90126FE7-C20E-43EC-93AF-77AA5268E860}.Debug|Any CPU.Build.0 = Debug|Any CPU
		{90126FE7-C20E-43EC-93AF-77AA5268E860}.Debug|x64.ActiveCfg = Debug|Any CPU
		{90126FE7-C20E-43EC-93AF-77AA5268E860}.Debug|x64.Build.0 = Debug|Any CPU
		{90126FE7-C20E-43EC-93AF-77AA5268E860}.Release|Any CPU.ActiveCfg = Debug|Any CPU
		{90126FE7-C20E-43EC-93AF-77AA5268E860}.Release|Any CPU.Build.0 = Debug|Any CPU
		{90126FE7-C20E-43EC-93AF-77AA5268E860}.Release|x64.ActiveCfg = Release|Any CPU
		{B78C0F3B-071A-4FD2-829D-7A67E0F7BD1C}.Debug|Any CPU.ActiveCfg = Release|x64
		{B78C0F3B-071A-4FD2-829D-7A67E0F7BD1C}.Debug|Any CPU.Build.0 = Release|x64
		{B78C0F3B-071A-4FD2-829D-7A67E0F7BD1C}.Debug|x64.ActiveCfg = Debug|x64
		{B78C0F3B-071A-4FD2-829D-7A67E0F7BD1C}.Debug|x64.Build.0 = Debug|x64
		{B78C0F3B-071A-4FD2-829D-7A67E0F7BD1C}.Release|Any CPU.ActiveCfg = Release|x64
		{B78C0F3B-071A-4FD2-829D-7A67E0F7BD1C}.Release|Any CPU.Build.0 = Release|x64
		{B78C0F3B-071A-4FD2-829D-7A67E0F7BD1C}.Release|x64.ActiveCfg = Release|x64
		{B78C0F3B-071A-4FD2-829D-7A67E0F7BD1C}.Release|x64.Build.0 = Release|x64
		{5916B84C-0264-4102-9CCC-28006D84E4FA}.Debug|Any CPU.ActiveCfg = Debug|Any CPU
		{5916B84C-0264-4102-9CCC-28006D84E4FA}.Debug|Any CPU.Build.0 = Debug|Any CPU
		{5916B84C-0264-4102-9CCC-28006D84E4FA}.Debug|x64.ActiveCfg = Debug|Any CPU
		{5916B84C-0264-4102-9CCC-28006D84E4FA}.Debug|x64.Build.0 = Debug|Any CPU
		{5916B84C-0264-4102-9CCC-28006D84E4FA}.Release|Any CPU.ActiveCfg = Debug|Any CPU
		{5916B84C-0264-4102-9CCC-28006D84E4FA}.Release|Any CPU.Build.0 = Debug|Any CPU
		{5916B84C-0264-4102-9CCC-28006D84E4FA}.Release|x64.ActiveCfg = Release|Any CPU
		{5916B84C-0264-4102-9CCC-28006D84E4FA}.Release|x64.Build.0 = Release|Any CPU
		{CEC2BB31-324D-41E3-83C8-A5C35C63129B}.Debug|Any CPU.ActiveCfg = Debug|Any CPU
		{CEC2BB31-324D-41E3-83C8-A5C35C63129B}.Debug|Any CPU.Build.0 = Debug|Any CPU
		{CEC2BB31-324D-41E3-83C8-A5C35C63129B}.Debug|x64.ActiveCfg = Debug|Any CPU
		{CEC2BB31-324D-41E3-83C8-A5C35C63129B}.Debug|x64.Build.0 = Debug|Any CPU
		{CEC2BB31-324D-41E3-83C8-A5C35C63129B}.Release|Any CPU.ActiveCfg = Debug|Any CPU
		{CEC2BB31-324D-41E3-83C8-A5C35C63129B}.Release|Any CPU.Build.0 = Debug|Any CPU
		{CEC2BB31-324D-41E3-83C8-A5C35C63129B}.Release|x64.ActiveCfg = Release|Any CPU
		{CEC2BB31-324D-41E3-83C8-A5C35C63129B}.Release|x64.Build.0 = Release|Any CPU
		{96FA1C80-396C-4792-9E8B-C7CBFC25833D}.Debug|Any CPU.ActiveCfg = Debug|Any CPU
		{96FA1C80-396C-4792-9E8B-C7CBFC25833D}.Debug|x64.ActiveCfg = Debug|Any CPU
		{96FA1C80-396C-4792-9E8B-C7CBFC25833D}.Debug|x64.Build.0 = Debug|Any CPU
		{96FA1C80-396C-4792-9E8B-C7CBFC25833D}.Release|Any CPU.ActiveCfg = Debug|Any CPU
		{96FA1C80-396C-4792-9E8B-C7CBFC25833D}.Release|x64.ActiveCfg = Release|Any CPU
		{F49DAE6F-321E-45A8-B9B4-23475A3F6080}.Debug|Any CPU.ActiveCfg = Debug|Any CPU
		{F49DAE6F-321E-45A8-B9B4-23475A3F6080}.Debug|Any CPU.Build.0 = Debug|Any CPU
		{F49DAE6F-321E-45A8-B9B4-23475A3F6080}.Debug|x64.ActiveCfg = Debug|Any CPU
		{F49DAE6F-321E-45A8-B9B4-23475A3F6080}.Debug|x64.Build.0 = Debug|Any CPU
		{F49DAE6F-321E-45A8-B9B4-23475A3F6080}.Release|Any CPU.ActiveCfg = Debug|Any CPU
		{F49DAE6F-321E-45A8-B9B4-23475A3F6080}.Release|Any CPU.Build.0 = Debug|Any CPU
		{F49DAE6F-321E-45A8-B9B4-23475A3F6080}.Release|x64.ActiveCfg = Release|Any CPU
		{F49DAE6F-321E-45A8-B9B4-23475A3F6080}.Release|x64.Build.0 = Release|Any CPU
		{E9EB76FC-CB86-47EA-A1F3-01570C1BBC18}.Debug|Any CPU.ActiveCfg = Debug|x64
		{E9EB76FC-CB86-47EA-A1F3-01570C1BBC18}.Debug|Any CPU.Build.0 = Debug|x64
		{E9EB76FC-CB86-47EA-A1F3-01570C1BBC18}.Debug|x64.ActiveCfg = Debug|x64
		{E9EB76FC-CB86-47EA-A1F3-01570C1BBC18}.Debug|x64.Build.0 = Debug|x64
		{E9EB76FC-CB86-47EA-A1F3-01570C1BBC18}.Release|Any CPU.ActiveCfg = Debug|x64
		{E9EB76FC-CB86-47EA-A1F3-01570C1BBC18}.Release|Any CPU.Build.0 = Debug|x64
		{E9EB76FC-CB86-47EA-A1F3-01570C1BBC18}.Release|x64.ActiveCfg = Release|x64
		{E9EB76FC-CB86-47EA-A1F3-01570C1BBC18}.Release|x64.Build.0 = Release|x64
		{C4ABC83D-1801-4407-B7C2-BDF9396D28AD}.Debug|Any CPU.ActiveCfg = Debug|Any CPU
		{C4ABC83D-1801-4407-B7C2-BDF9396D28AD}.Debug|Any CPU.Build.0 = Debug|Any CPU
		{C4ABC83D-1801-4407-B7C2-BDF9396D28AD}.Debug|x64.ActiveCfg = Debug|Any CPU
		{C4ABC83D-1801-4407-B7C2-BDF9396D28AD}.Debug|x64.Build.0 = Debug|Any CPU
		{C4ABC83D-1801-4407-B7C2-BDF9396D28AD}.Release|Any CPU.ActiveCfg = Debug|Any CPU
		{C4ABC83D-1801-4407-B7C2-BDF9396D28AD}.Release|Any CPU.Build.0 = Debug|Any CPU
		{C4ABC83D-1801-4407-B7C2-BDF9396D28AD}.Release|x64.ActiveCfg = Release|Any CPU
		{C4ABC83D-1801-4407-B7C2-BDF9396D28AD}.Release|x64.Build.0 = Release|Any CPU
	EndGlobalSection
	GlobalSection(SolutionProperties) = preSolution
		HideSolutionNode = FALSE
	EndGlobalSection
	GlobalSection(ExtensibilityGlobals) = postSolution
		SolutionGuid = {5B1FF876-5F77-45FF-95CB-C191D2506994}
	EndGlobalSection
	GlobalSection(MonoDevelopProperties) = preSolution
		StartupItem = iRacingReplayOverlay.net.Tests\iRacingReplayOverlay.net.Tests.csproj
	EndGlobalSection
EndGlobal
