
Microsoft Visual Studio Solution File, Format Version 9.00
# Visual Studio 2005
Project("{FAE04EC0-301F-11D3-BF4B-00C04F79EFBC}") = "WavSink", "WavSink\WavSink.csproj", "{EA1F760B-169A-4F0E-9800-4DB45559142C}"
EndProject
Project("{FAE04EC0-301F-11D3-BF4B-00C04F79EFBC}") = "WriteWavFile", "WriteWavFile\WriteWavFile.csproj", "{43F6A5CC-0887-4992-A28F-698416C034FC}"
EndProject
Global
	GlobalSection(SolutionConfigurationPlatforms) = preSolution
		Debug|Any CPU = Debug|Any CPU
		Debug|x64 = Debug|x64
		Debug|x86 = Debug|x86
		Release|Any CPU = Release|Any CPU
		Release|x64 = Release|x64
		Release|x86 = Release|x86
	EndGlobalSection
	GlobalSection(ProjectConfigurationPlatforms) = postSolution
		{EA1F760B-169A-4F0E-9800-4DB45559142C}.Debug|Any CPU.ActiveCfg = Debug|Any CPU
		{EA1F760B-169A-4F0E-9800-4DB45559142C}.Debug|Any CPU.Build.0 = Debug|Any CPU
		{EA1F760B-169A-4F0E-9800-4DB45559142C}.Debug|x64.ActiveCfg = Debug|Any CPU
		{EA1F760B-169A-4F0E-9800-4DB45559142C}.Debug|x86.ActiveCfg = Debug|x86
		{EA1F760B-169A-4F0E-9800-4DB45559142C}.Debug|x86.Build.0 = Debug|x86
		{EA1F760B-169A-4F0E-9800-4DB45559142C}.Release|Any CPU.ActiveCfg = Release|Any CPU
		{EA1F760B-169A-4F0E-9800-4DB45559142C}.Release|Any CPU.Build.0 = Release|Any CPU
		{EA1F760B-169A-4F0E-9800-4DB45559142C}.Release|x64.ActiveCfg = Release|Any CPU
		{EA1F760B-169A-4F0E-9800-4DB45559142C}.Release|x86.ActiveCfg = Release|Any CPU
		{EA1F760B-169A-4F0E-9800-4DB45559142C}.Release|x86.Build.0 = Release|Any CPU
		{43F6A5CC-0887-4992-A28F-698416C034FC}.Debug|Any CPU.ActiveCfg = Debug|Any CPU
		{43F6A5CC-0887-4992-A28F-698416C034FC}.Debug|Any CPU.Build.0 = Debug|Any CPU
		{43F6A5CC-0887-4992-A28F-698416C034FC}.Debug|x64.ActiveCfg = Debug|Any CPU
		{43F6A5CC-0887-4992-A28F-698416C034FC}.Debug|x86.ActiveCfg = Debug|x86
		{43F6A5CC-0887-4992-A28F-698416C034FC}.Debug|x86.Build.0 = Debug|x86
		{43F6A5CC-0887-4992-A28F-698416C034FC}.Release|Any CPU.ActiveCfg = Release|Any CPU
		{43F6A5CC-0887-4992-A28F-698416C034FC}.Release|Any CPU.Build.0 = Release|Any CPU
		{43F6A5CC-0887-4992-A28F-698416C034FC}.Release|x64.ActiveCfg = Release|Any CPU
		{43F6A5CC-0887-4992-A28F-698416C034FC}.Release|x86.ActiveCfg = Release|Any CPU
		{43F6A5CC-0887-4992-A28F-698416C034FC}.Release|x86.Build.0 = Release|Any CPU
	EndGlobalSection
	GlobalSection(SolutionProperties) = preSolution
		HideSolutionNode = FALSE
	EndGlobalSection
EndGlobal
